
Microsoft Visual Studio Solution File, Format Version 12.00
# Visual Studio Version 17
VisualStudioVersion = 17.4.33213.308
MinimumVisualStudioVersion = 10.0.40219.1
Project("{FAE04EC0-301F-11D3-BF4B-00C04F79EFBC}") = "Fibonaccci", "Fibonaccci\Fibonaccci.csproj", "{6CBAC338-569C-403B-B95F-4D57E7BF7D50}"
EndProject
Global
	GlobalSection(SolutionConfigurationPlatforms) = preSolution
		Debug|Any CPU = Debug|Any CPU
		Release|Any CPU = Release|Any CPU
	EndGlobalSection
	GlobalSection(ProjectConfigurationPlatforms) = postSolution
		{6CBAC338-569C-403B-B95F-4D57E7BF7D50}.Debug|Any CPU.ActiveCfg = Debug|Any CPU
		{6CBAC338-569C-403B-B95F-4D57E7BF7D50}.Debug|Any CPU.Build.0 = Debug|Any CPU
		{6CBAC338-569C-403B-B95F-4D57E7BF7D50}.Release|Any CPU.ActiveCfg = Release|Any CPU
		{6CBAC338-569C-403B-B95F-4D57E7BF7D50}.Release|Any CPU.Build.0 = Release|Any CPU
	EndGlobalSection
	GlobalSection(SolutionProperties) = preSolution
		HideSolutionNode = FALSE
	EndGlobalSection
	GlobalSection(ExtensibilityGlobals) = postSolution
		SolutionGuid = {B1868BD5-8643-4152-AE06-1F78B8241911}
	EndGlobalSection
EndGlobal
